// !$*UTF8*$!
{
	archiveVersion = 1;
	classes = {
	};
	objectVersion = 46;
	objects = {

/* Begin PBXBuildFile section */
		0DB77FF81CD2ADFD004DF060 /* MOLDERDecoderTest.m in Sources */ = {isa = PBXBuildFile; fileRef = 0DB77FE11CD2AA59004DF060 /* MOLDERDecoderTest.m */; };
		0DB77FFA1CD2AE22004DF060 /* dn.plist in Resources */ = {isa = PBXBuildFile; fileRef = 0DB77FE81CD2AAA3004DF060 /* dn.plist */; };
		3038C28DFA057BD5E6B4A8B3 /* libPods-MOLAuthenticatingURLSession.a in Frameworks */ = {isa = PBXBuildFile; fileRef = 0D708589E33BD207F6B12A38 /* libPods-MOLAuthenticatingURLSession.a */; };
		C734003220471AEE0040B1FE /* MOLDERDecoder.m in Sources */ = {isa = PBXBuildFile; fileRef = C734002720471A240040B1FE /* MOLDERDecoder.m */; };
		C734003320471AFC0040B1FE /* MOLAuthenticatingURLSession.m in Sources */ = {isa = PBXBuildFile; fileRef = C734002620471A240040B1FE /* MOLAuthenticatingURLSession.m */; };
		C734003420471C2B0040B1FE /* MOLAuthenticatingURLSession.h in Headers */ = {isa = PBXBuildFile; fileRef = C734002920471A240040B1FE /* MOLAuthenticatingURLSession.h */; settings = {ATTRIBUTES = (Public, ); }; };
		C734003520471C2B0040B1FE /* MOLDERDecoder.h in Headers */ = {isa = PBXBuildFile; fileRef = C734002820471A240040B1FE /* MOLDERDecoder.h */; settings = {ATTRIBUTES = (Public, ); }; };
		C734003820471CCA0040B1FE /* libMOLAuthenticatingURLSession.dylib in Frameworks */ = {isa = PBXBuildFile; fileRef = C734002E20471A690040B1FE /* libMOLAuthenticatingURLSession.dylib */; };
/* End PBXBuildFile section */

/* Begin PBXContainerItemProxy section */
		C734003620471C370040B1FE /* PBXContainerItemProxy */ = {
			isa = PBXContainerItemProxy;
			containerPortal = 0D5058A51CB42C26008784BA /* Project object */;
			proxyType = 1;
			remoteGlobalIDString = C734002D20471A690040B1FE;
			remoteInfo = MOLAuthenticatingURLSession;
		};
/* End PBXContainerItemProxy section */

/* Begin PBXFileReference section */
		0D5058C61CB42C91008784BA /* Foundation.framework */ = {isa = PBXFileReference; lastKnownFileType = wrapper.framework; name = Foundation.framework; path = System/Library/Frameworks/Foundation.framework; sourceTree = SDKROOT; };
		0D5058C81CB42C94008784BA /* Security.framework */ = {isa = PBXFileReference; lastKnownFileType = wrapper.framework; name = Security.framework; path = System/Library/Frameworks/Security.framework; sourceTree = SDKROOT; };
		0D708589E33BD207F6B12A38 /* libPods-MOLAuthenticatingURLSession.a */ = {isa = PBXFileReference; explicitFileType = archive.ar; includeInIndex = 0; path = "libPods-MOLAuthenticatingURLSession.a"; sourceTree = BUILT_PRODUCTS_DIR; };
		0DB77FE11CD2AA59004DF060 /* MOLDERDecoderTest.m */ = {isa = PBXFileReference; fileEncoding = 4; lastKnownFileType = sourcecode.c.objc; name = MOLDERDecoderTest.m; path = Tests/MOLDERDecoderTest.m; sourceTree = "<group>"; };
		0DB77FE81CD2AAA3004DF060 /* dn.plist */ = {isa = PBXFileReference; fileEncoding = 4; lastKnownFileType = text.plist.xml; name = dn.plist; path = Tests/dn.plist; sourceTree = "<group>"; };
		0DB77FED1CD2AAD6004DF060 /* MOLAuthenticatingURLSessionTests.xctest */ = {isa = PBXFileReference; explicitFileType = wrapper.cfbundle; includeInIndex = 0; path = MOLAuthenticatingURLSessionTests.xctest; sourceTree = BUILT_PRODUCTS_DIR; };
		541C9F1226CD220033327E4A /* Pods-MOLAuthenticatingURLSession.release.xcconfig */ = {isa = PBXFileReference; includeInIndex = 1; lastKnownFileType = text.xcconfig; name = "Pods-MOLAuthenticatingURLSession.release.xcconfig"; path = "Pods/Target Support Files/Pods-MOLAuthenticatingURLSession/Pods-MOLAuthenticatingURLSession.release.xcconfig"; sourceTree = "<group>"; };
		6B9273968EF47A574C7229B3 /* Pods-MOLAuthenticatingURLSession.debug.xcconfig */ = {isa = PBXFileReference; includeInIndex = 1; lastKnownFileType = text.xcconfig; name = "Pods-MOLAuthenticatingURLSession.debug.xcconfig"; path = "Pods/Target Support Files/Pods-MOLAuthenticatingURLSession/Pods-MOLAuthenticatingURLSession.debug.xcconfig"; sourceTree = "<group>"; };
		C734002620471A240040B1FE /* MOLAuthenticatingURLSession.m */ = {isa = PBXFileReference; lastKnownFileType = sourcecode.c.objc; path = MOLAuthenticatingURLSession.m; sourceTree = "<group>"; };
		C734002720471A240040B1FE /* MOLDERDecoder.m */ = {isa = PBXFileReference; lastKnownFileType = sourcecode.c.objc; path = MOLDERDecoder.m; sourceTree = "<group>"; };
		C734002820471A240040B1FE /* MOLDERDecoder.h */ = {isa = PBXFileReference; lastKnownFileType = sourcecode.c.h; path = MOLDERDecoder.h; sourceTree = "<group>"; };
		C734002920471A240040B1FE /* MOLAuthenticatingURLSession.h */ = {isa = PBXFileReference; lastKnownFileType = sourcecode.c.h; path = MOLAuthenticatingURLSession.h; sourceTree = "<group>"; };
		C734002E20471A690040B1FE /* libMOLAuthenticatingURLSession.dylib */ = {isa = PBXFileReference; explicitFileType = "compiled.mach-o.dylib"; includeInIndex = 0; path = libMOLAuthenticatingURLSession.dylib; sourceTree = BUILT_PRODUCTS_DIR; };
/* End PBXFileReference section */

/* Begin PBXFrameworksBuildPhase section */
		0DB77FEA1CD2AAD6004DF060 /* Frameworks */ = {
			isa = PBXFrameworksBuildPhase;
			buildActionMask = 2147483647;
			files = (
				C734003820471CCA0040B1FE /* libMOLAuthenticatingURLSession.dylib in Frameworks */,
			);
			runOnlyForDeploymentPostprocessing = 0;
		};
		C734002B20471A690040B1FE /* Frameworks */ = {
			isa = PBXFrameworksBuildPhase;
			buildActionMask = 2147483647;
			files = (
				3038C28DFA057BD5E6B4A8B3 /* libPods-MOLAuthenticatingURLSession.a in Frameworks */,
			);
			runOnlyForDeploymentPostprocessing = 0;
		};
/* End PBXFrameworksBuildPhase section */

/* Begin PBXGroup section */
		0D5058A41CB42C26008784BA = {
			isa = PBXGroup;
			children = (
				C734002420471A240040B1FE /* Source */,
				0DB77FE71CD2AA5D004DF060 /* Tests */,
				0D5058AF1CB42C26008784BA /* Products */,
				0D5058CA1CB42CA3008784BA /* Frameworks */,
				45EF3278AF2667603A4D1D29 /* Pods */,
			);
			sourceTree = "<group>";
		};
		0D5058AF1CB42C26008784BA /* Products */ = {
			isa = PBXGroup;
			children = (
				0DB77FED1CD2AAD6004DF060 /* MOLAuthenticatingURLSessionTests.xctest */,
				C734002E20471A690040B1FE /* libMOLAuthenticatingURLSession.dylib */,
			);
			name = Products;
			sourceTree = "<group>";
		};
		0D5058CA1CB42CA3008784BA /* Frameworks */ = {
			isa = PBXGroup;
			children = (
				0D5058C81CB42C94008784BA /* Security.framework */,
				0D5058C61CB42C91008784BA /* Foundation.framework */,
				0D708589E33BD207F6B12A38 /* libPods-MOLAuthenticatingURLSession.a */,
			);
			name = Frameworks;
			sourceTree = "<group>";
		};
		0DB77FE71CD2AA5D004DF060 /* Tests */ = {
			isa = PBXGroup;
			children = (
				0DB77FE11CD2AA59004DF060 /* MOLDERDecoderTest.m */,
				0DB77FE81CD2AAA3004DF060 /* dn.plist */,
			);
			name = Tests;
			sourceTree = "<group>";
		};
		45EF3278AF2667603A4D1D29 /* Pods */ = {
			isa = PBXGroup;
			children = (
				6B9273968EF47A574C7229B3 /* Pods-MOLAuthenticatingURLSession.debug.xcconfig */,
				541C9F1226CD220033327E4A /* Pods-MOLAuthenticatingURLSession.release.xcconfig */,
			);
			name = Pods;
			sourceTree = "<group>";
		};
		C734002420471A240040B1FE /* Source */ = {
			isa = PBXGroup;
			children = (
				C734002520471A240040B1FE /* MOLAuthenticatingURLSession */,
			);
			path = Source;
			sourceTree = "<group>";
		};
		C734002520471A240040B1FE /* MOLAuthenticatingURLSession */ = {
			isa = PBXGroup;
			children = (
				C734002920471A240040B1FE /* MOLAuthenticatingURLSession.h */,
				C734002620471A240040B1FE /* MOLAuthenticatingURLSession.m */,
				C734002820471A240040B1FE /* MOLDERDecoder.h */,
				C734002720471A240040B1FE /* MOLDERDecoder.m */,
			);
			path = MOLAuthenticatingURLSession;
			sourceTree = "<group>";
		};
/* End PBXGroup section */

/* Begin PBXHeadersBuildPhase section */
		C734002C20471A690040B1FE /* Headers */ = {
			isa = PBXHeadersBuildPhase;
			buildActionMask = 2147483647;
			files = (
				C734003420471C2B0040B1FE /* MOLAuthenticatingURLSession.h in Headers */,
				C734003520471C2B0040B1FE /* MOLDERDecoder.h in Headers */,
			);
			runOnlyForDeploymentPostprocessing = 0;
		};
/* End PBXHeadersBuildPhase section */

/* Begin PBXNativeTarget section */
		0DB77FEC1CD2AAD6004DF060 /* MOLAuthenticatingURLSessionTests */ = {
			isa = PBXNativeTarget;
			buildConfigurationList = 0DB77FF21CD2AAD6004DF060 /* Build configuration list for PBXNativeTarget "MOLAuthenticatingURLSessionTests" */;
			buildPhases = (
				0DB77FE91CD2AAD6004DF060 /* Sources */,
				0DB77FEA1CD2AAD6004DF060 /* Frameworks */,
				0DB77FEB1CD2AAD6004DF060 /* Resources */,
			);
			buildRules = (
			);
			dependencies = (
				C734003720471C370040B1FE /* PBXTargetDependency */,
			);
			name = MOLAuthenticatingURLSessionTests;
			productName = AuthenticatingURLSessionTests;
			productReference = 0DB77FED1CD2AAD6004DF060 /* MOLAuthenticatingURLSessionTests.xctest */;
			productType = "com.apple.product-type.bundle.unit-test";
		};
		C734002D20471A690040B1FE /* MOLAuthenticatingURLSession */ = {
			isa = PBXNativeTarget;
			buildConfigurationList = C734002F20471A690040B1FE /* Build configuration list for PBXNativeTarget "MOLAuthenticatingURLSession" */;
			buildPhases = (
				F0E5506C7381A3FBEB04520A /* [CP] Check Pods Manifest.lock */,
				C734002A20471A690040B1FE /* Sources */,
				C734002B20471A690040B1FE /* Frameworks */,
				C734002C20471A690040B1FE /* Headers */,
				0907BC60DFC079470564F48B /* [CP] Copy Pods Resources */,
			);
			buildRules = (
			);
			dependencies = (
			);
			name = MOLAuthenticatingURLSession;
			productName = MOLAuthenticatingURLSession;
			productReference = C734002E20471A690040B1FE /* libMOLAuthenticatingURLSession.dylib */;
			productType = "com.apple.product-type.library.dynamic";
		};
/* End PBXNativeTarget section */

/* Begin PBXProject section */
		0D5058A51CB42C26008784BA /* Project object */ = {
			isa = PBXProject;
			attributes = {
				LastUpgradeCheck = 0920;
				ORGANIZATIONNAME = "Google Inc";
				TargetAttributes = {
					0DB77FEC1CD2AAD6004DF060 = {
						CreatedOnToolsVersion = 7.2.1;
					};
					C734002D20471A690040B1FE = {
						CreatedOnToolsVersion = 9.2;
						ProvisioningStyle = Manual;
					};
				};
			};
			buildConfigurationList = 0D5058A81CB42C26008784BA /* Build configuration list for PBXProject "MOLAuthenticatingURLSession" */;
			compatibilityVersion = "Xcode 3.2";
			developmentRegion = English;
			hasScannedForEncodings = 0;
			knownRegions = (
				en,
			);
			mainGroup = 0D5058A41CB42C26008784BA;
			productRefGroup = 0D5058AF1CB42C26008784BA /* Products */;
			projectDirPath = "";
			projectRoot = "";
			targets = (
				C734002D20471A690040B1FE /* MOLAuthenticatingURLSession */,
				0DB77FEC1CD2AAD6004DF060 /* MOLAuthenticatingURLSessionTests */,
			);
		};
/* End PBXProject section */

/* Begin PBXResourcesBuildPhase section */
		0DB77FEB1CD2AAD6004DF060 /* Resources */ = {
			isa = PBXResourcesBuildPhase;
			buildActionMask = 2147483647;
			files = (
				0DB77FFA1CD2AE22004DF060 /* dn.plist in Resources */,
			);
			runOnlyForDeploymentPostprocessing = 0;
		};
/* End PBXResourcesBuildPhase section */

/* Begin PBXShellScriptBuildPhase section */
		0907BC60DFC079470564F48B /* [CP] Copy Pods Resources */ = {
			isa = PBXShellScriptBuildPhase;
			buildActionMask = 2147483647;
			files = (
			);
			inputPaths = (
			);
			name = "[CP] Copy Pods Resources";
			outputPaths = (
			);
			runOnlyForDeploymentPostprocessing = 0;
			shellPath = /bin/sh;
			shellScript = "\"${SRCROOT}/Pods/Target Support Files/Pods-MOLAuthenticatingURLSession/Pods-MOLAuthenticatingURLSession-resources.sh\"\n";
			showEnvVarsInLog = 0;
		};
		F0E5506C7381A3FBEB04520A /* [CP] Check Pods Manifest.lock */ = {
			isa = PBXShellScriptBuildPhase;
			buildActionMask = 2147483647;
			files = (
			);
			inputPaths = (
				"${PODS_PODFILE_DIR_PATH}/Podfile.lock",
				"${PODS_ROOT}/Manifest.lock",
			);
			name = "[CP] Check Pods Manifest.lock";
			outputPaths = (
				"$(DERIVED_FILE_DIR)/Pods-MOLAuthenticatingURLSession-checkManifestLockResult.txt",
			);
			runOnlyForDeploymentPostprocessing = 0;
			shellPath = /bin/sh;
			shellScript = "diff \"${PODS_PODFILE_DIR_PATH}/Podfile.lock\" \"${PODS_ROOT}/Manifest.lock\" > /dev/null\nif [ $? != 0 ] ; then\n    # print error to STDERR\n    echo \"error: The sandbox is not in sync with the Podfile.lock. Run 'pod install' or update your CocoaPods installation.\" >&2\n    exit 1\nfi\n# This output is used by Xcode 'outputs' to avoid re-running this script phase.\necho \"SUCCESS\" > \"${SCRIPT_OUTPUT_FILE_0}\"\n";
			showEnvVarsInLog = 0;
		};
/* End PBXShellScriptBuildPhase section */

/* Begin PBXSourcesBuildPhase section */
		0DB77FE91CD2AAD6004DF060 /* Sources */ = {
			isa = PBXSourcesBuildPhase;
			buildActionMask = 2147483647;
			files = (
				0DB77FF81CD2ADFD004DF060 /* MOLDERDecoderTest.m in Sources */,
			);
			runOnlyForDeploymentPostprocessing = 0;
		};
		C734002A20471A690040B1FE /* Sources */ = {
			isa = PBXSourcesBuildPhase;
			buildActionMask = 2147483647;
			files = (
				C734003220471AEE0040B1FE /* MOLDERDecoder.m in Sources */,
				C734003320471AFC0040B1FE /* MOLAuthenticatingURLSession.m in Sources */,
			);
			runOnlyForDeploymentPostprocessing = 0;
		};
/* End PBXSourcesBuildPhase section */

/* Begin PBXTargetDependency section */
		C734003720471C370040B1FE /* PBXTargetDependency */ = {
			isa = PBXTargetDependency;
			target = C734002D20471A690040B1FE /* MOLAuthenticatingURLSession */;
			targetProxy = C734003620471C370040B1FE /* PBXContainerItemProxy */;
		};
/* End PBXTargetDependency section */

/* Begin XCBuildConfiguration section */
		0D5058B41CB42C26008784BA /* Debug */ = {
			isa = XCBuildConfiguration;
			buildSettings = {
				ALWAYS_SEARCH_USER_PATHS = NO;
				CLANG_CXX_LANGUAGE_STANDARD = "gnu++0x";
				CLANG_CXX_LIBRARY = "libc++";
				CLANG_ENABLE_MODULES = YES;
				CLANG_ENABLE_OBJC_ARC = YES;
				CLANG_WARN_BLOCK_CAPTURE_AUTORELEASING = YES;
				CLANG_WARN_BOOL_CONVERSION = YES;
				CLANG_WARN_COMMA = YES;
				CLANG_WARN_CONSTANT_CONVERSION = YES;
				CLANG_WARN_DIRECT_OBJC_ISA_USAGE = YES_ERROR;
				CLANG_WARN_DOCUMENTATION_COMMENTS = YES;
				CLANG_WARN_EMPTY_BODY = YES;
				CLANG_WARN_ENUM_CONVERSION = YES;
				CLANG_WARN_INFINITE_RECURSION = YES;
				CLANG_WARN_INT_CONVERSION = YES;
				CLANG_WARN_NON_LITERAL_NULL_CONVERSION = YES;
				CLANG_WARN_OBJC_LITERAL_CONVERSION = YES;
				CLANG_WARN_OBJC_ROOT_CLASS = YES_ERROR;
				CLANG_WARN_RANGE_LOOP_ANALYSIS = YES;
				CLANG_WARN_STRICT_PROTOTYPES = YES;
				CLANG_WARN_SUSPICIOUS_MOVE = YES;
				CLANG_WARN_UNREACHABLE_CODE = YES;
				CLANG_WARN__DUPLICATE_METHOD_MATCH = YES;
				CODE_SIGN_IDENTITY = "-";
				COPY_PHASE_STRIP = NO;
				CURRENT_PROJECT_VERSION = 1;
				DEBUG_INFORMATION_FORMAT = dwarf;
				ENABLE_STRICT_OBJC_MSGSEND = YES;
				ENABLE_TESTABILITY = YES;
				GCC_C_LANGUAGE_STANDARD = gnu99;
				GCC_DYNAMIC_NO_PIC = NO;
				GCC_NO_COMMON_BLOCKS = YES;
				GCC_OPTIMIZATION_LEVEL = 0;
				GCC_PREPROCESSOR_DEFINITIONS = (
					"DEBUG=1",
					"$(inherited)",
				);
				GCC_WARN_64_TO_32_BIT_CONVERSION = YES;
				GCC_WARN_ABOUT_RETURN_TYPE = YES_ERROR;
				GCC_WARN_UNDECLARED_SELECTOR = YES;
				GCC_WARN_UNINITIALIZED_AUTOS = YES_AGGRESSIVE;
				GCC_WARN_UNUSED_FUNCTION = YES;
				GCC_WARN_UNUSED_VARIABLE = YES;
				MACOSX_DEPLOYMENT_TARGET = 10.11;
				MTL_ENABLE_DEBUG_INFO = YES;
				ONLY_ACTIVE_ARCH = YES;
				SDKROOT = macosx;
				VERSIONING_SYSTEM = "apple-generic";
				VERSION_INFO_PREFIX = "";
			};
			name = Debug;
		};
		0D5058B51CB42C26008784BA /* Release */ = {
			isa = XCBuildConfiguration;
			buildSettings = {
				ALWAYS_SEARCH_USER_PATHS = NO;
				CLANG_CXX_LANGUAGE_STANDARD = "gnu++0x";
				CLANG_CXX_LIBRARY = "libc++";
				CLANG_ENABLE_MODULES = YES;
				CLANG_ENABLE_OBJC_ARC = YES;
				CLANG_WARN_BLOCK_CAPTURE_AUTORELEASING = YES;
				CLANG_WARN_BOOL_CONVERSION = YES;
				CLANG_WARN_COMMA = YES;
				CLANG_WARN_CONSTANT_CONVERSION = YES;
				CLANG_WARN_DIRECT_OBJC_ISA_USAGE = YES_ERROR;
				CLANG_WARN_DOCUMENTATION_COMMENTS = YES;
				CLANG_WARN_EMPTY_BODY = YES;
				CLANG_WARN_ENUM_CONVERSION = YES;
				CLANG_WARN_INFINITE_RECURSION = YES;
				CLANG_WARN_INT_CONVERSION = YES;
				CLANG_WARN_NON_LITERAL_NULL_CONVERSION = YES;
				CLANG_WARN_OBJC_LITERAL_CONVERSION = YES;
				CLANG_WARN_OBJC_ROOT_CLASS = YES_ERROR;
				CLANG_WARN_RANGE_LOOP_ANALYSIS = YES;
				CLANG_WARN_STRICT_PROTOTYPES = YES;
				CLANG_WARN_SUSPICIOUS_MOVE = YES;
				CLANG_WARN_UNREACHABLE_CODE = YES;
				CLANG_WARN__DUPLICATE_METHOD_MATCH = YES;
				CODE_SIGN_IDENTITY = "-";
				COPY_PHASE_STRIP = NO;
				CURRENT_PROJECT_VERSION = 1;
				DEBUG_INFORMATION_FORMAT = "dwarf-with-dsym";
				ENABLE_NS_ASSERTIONS = NO;
				ENABLE_STRICT_OBJC_MSGSEND = YES;
				GCC_C_LANGUAGE_STANDARD = gnu99;
				GCC_NO_COMMON_BLOCKS = YES;
				GCC_WARN_64_TO_32_BIT_CONVERSION = YES;
				GCC_WARN_ABOUT_RETURN_TYPE = YES_ERROR;
				GCC_WARN_UNDECLARED_SELECTOR = YES;
				GCC_WARN_UNINITIALIZED_AUTOS = YES_AGGRESSIVE;
				GCC_WARN_UNUSED_FUNCTION = YES;
				GCC_WARN_UNUSED_VARIABLE = YES;
				MACOSX_DEPLOYMENT_TARGET = 10.11;
				MTL_ENABLE_DEBUG_INFO = NO;
				SDKROOT = macosx;
				VERSIONING_SYSTEM = "apple-generic";
				VERSION_INFO_PREFIX = "";
			};
			name = Release;
		};
		0DB77FF31CD2AAD6004DF060 /* Debug */ = {
			isa = XCBuildConfiguration;
			buildSettings = {
				COMBINE_HIDPI_IMAGES = YES;
				LD_RUNPATH_SEARCH_PATHS = "$(inherited) @executable_path/../Frameworks @loader_path/../Frameworks";
				PRODUCT_BUNDLE_IDENTIFIER = com.google.corp.AuthenticatingURLSessionTests;
				PRODUCT_NAME = "$(TARGET_NAME)";
			};
			name = Debug;
		};
		0DB77FF41CD2AAD6004DF060 /* Release */ = {
			isa = XCBuildConfiguration;
			buildSettings = {
				COMBINE_HIDPI_IMAGES = YES;
				LD_RUNPATH_SEARCH_PATHS = "$(inherited) @executable_path/../Frameworks @loader_path/../Frameworks";
				PRODUCT_BUNDLE_IDENTIFIER = com.google.corp.AuthenticatingURLSessionTests;
				PRODUCT_NAME = "$(TARGET_NAME)";
			};
			name = Release;
		};
		C734003020471A690040B1FE /* Debug */ = {
			isa = XCBuildConfiguration;
			baseConfigurationReference = 6B9273968EF47A574C7229B3 /* Pods-MOLAuthenticatingURLSession.debug.xcconfig */;
			buildSettings = {
				CLANG_ANALYZER_NONNULL = YES;
				CLANG_ANALYZER_NUMBER_OBJECT_CONVERSION = YES_AGGRESSIVE;
				CLANG_CXX_LANGUAGE_STANDARD = "gnu++14";
				CLANG_WARN_BLOCK_CAPTURE_AUTORELEASING = YES;
				CLANG_WARN_COMMA = YES;
				CLANG_WARN_NON_LITERAL_NULL_CONVERSION = YES;
				CLANG_WARN_OBJC_LITERAL_CONVERSION = YES;
				CLANG_WARN_RANGE_LOOP_ANALYSIS = YES;
				CLANG_WARN_STRICT_PROTOTYPES = YES;
				CLANG_WARN_UNGUARDED_AVAILABILITY = YES_AGGRESSIVE;
				CODE_SIGN_STYLE = Manual;
				DEVELOPMENT_TEAM = "";
				DYLIB_COMPATIBILITY_VERSION = 1;
				DYLIB_CURRENT_VERSION = 1;
				EXECUTABLE_PREFIX = lib;
				GCC_C_LANGUAGE_STANDARD = gnu11;
				PRODUCT_NAME = "$(TARGET_NAME)";
				PROVISIONING_PROFILE_SPECIFIER = "";
			};
			name = Debug;
		};
		C734003120471A690040B1FE /* Release */ = {
			isa = XCBuildConfiguration;
			baseConfigurationReference = 541C9F1226CD220033327E4A /* Pods-MOLAuthenticatingURLSession.release.xcconfig */;
			buildSettings = {
				CLANG_ANALYZER_NONNULL = YES;
				CLANG_ANALYZER_NUMBER_OBJECT_CONVERSION = YES_AGGRESSIVE;
				CLANG_CXX_LANGUAGE_STANDARD = "gnu++14";
				CLANG_WARN_BLOCK_CAPTURE_AUTORELEASING = YES;
				CLANG_WARN_COMMA = YES;
				CLANG_WARN_NON_LITERAL_NULL_CONVERSION = YES;
				CLANG_WARN_OBJC_LITERAL_CONVERSION = YES;
				CLANG_WARN_RANGE_LOOP_ANALYSIS = YES;
				CLANG_WARN_STRICT_PROTOTYPES = YES;
				CLANG_WARN_UNGUARDED_AVAILABILITY = YES_AGGRESSIVE;
				CODE_SIGN_STYLE = Manual;
				DEVELOPMENT_TEAM = "";
				DYLIB_COMPATIBILITY_VERSION = 1;
				DYLIB_CURRENT_VERSION = 1;
				EXECUTABLE_PREFIX = lib;
				GCC_C_LANGUAGE_STANDARD = gnu11;
				PRODUCT_NAME = "$(TARGET_NAME)";
				PROVISIONING_PROFILE_SPECIFIER = "";
			};
			name = Release;
		};
/* End XCBuildConfiguration section */

/* Begin XCConfigurationList section */
		0D5058A81CB42C26008784BA /* Build configuration list for PBXProject "MOLAuthenticatingURLSession" */ = {
			isa = XCConfigurationList;
			buildConfigurations = (
				0D5058B41CB42C26008784BA /* Debug */,
				0D5058B51CB42C26008784BA /* Release */,
			);
			defaultConfigurationIsVisible = 0;
			defaultConfigurationName = Release;
		};
		0DB77FF21CD2AAD6004DF060 /* Build configuration list for PBXNativeTarget "MOLAuthenticatingURLSessionTests" */ = {
			isa = XCConfigurationList;
			buildConfigurations = (
				0DB77FF31CD2AAD6004DF060 /* Debug */,
				0DB77FF41CD2AAD6004DF060 /* Release */,
			);
			defaultConfigurationIsVisible = 0;
			defaultConfigurationName = Release;
		};
		C734002F20471A690040B1FE /* Build configuration list for PBXNativeTarget "MOLAuthenticatingURLSession" */ = {
			isa = XCConfigurationList;
			buildConfigurations = (
				C734003020471A690040B1FE /* Debug */,
				C734003120471A690040B1FE /* Release */,
			);
			defaultConfigurationIsVisible = 0;
			defaultConfigurationName = Release;
		};
/* End XCConfigurationList section */
	};
	rootObject = 0D5058A51CB42C26008784BA /* Project object */;
}
